
Microsoft Visual Studio Solution File, Format Version 10.00
# Visual Studio 2008
Project("{8BC9CEB8-8B4A-11D0-8D11-00A0C91BC942}") = "BUI", "BUI\BUI.vcproj", "{0E75FB63-9601-4CE0-B888-183BA0D416B3}"
EndProject
Project("{8BC9CEB8-8B4A-11D0-8D11-00A0C91BC942}") = "TestBUI", "TestBUI\TestBUI.vcproj", "{E4C04624-DC83-47C9-B98C-8D8B72B2E5CB}"
EndProject
Global
	GlobalSection(SolutionConfigurationPlatforms) = preSolution
		Debug|Win32 = Debug|Win32
		Release|Win32 = Release|Win32
	EndGlobalSection
	GlobalSection(ProjectConfigurationPlatforms) = postSolution
		{0E75FB63-9601-4CE0-B888-183BA0D416B3}.Debug|Win32.ActiveCfg = Debug|Win32
		{0E75FB63-9601-4CE0-B888-183BA0D416B3}.Debug|Win32.Build.0 = Debug|Win32
		{0E75FB63-9601-4CE0-B888-183BA0D416B3}.Release|Win32.ActiveCfg = Release|Win32
		{0E75FB63-9601-4CE0-B888-183BA0D416B3}.Release|Win32.Build.0 = Release|Win32
		{E4C04624-DC83-47C9-B98C-8D8B72B2E5CB}.Debug|Win32.ActiveCfg = Debug|Win32
		{E4C04624-DC83-47C9-B98C-8D8B72B2E5CB}.Debug|Win32.Build.0 = Debug|Win32
		{E4C04624-DC83-47C9-B98C-8D8B72B2E5CB}.Release|Win32.ActiveCfg = Release|Win32
		{E4C04624-DC83-47C9-B98C-8D8B72B2E5CB}.Release|Win32.Build.0 = Release|Win32
	EndGlobalSection
	GlobalSection(SolutionProperties) = preSolution
		HideSolutionNode = FALSE
	EndGlobalSection
EndGlobal
